
Microsoft Visual Studio Solution File, Format Version 12.00
# Visual Studio 15
VisualStudioVersion = 15.0.27130.2036
MinimumVisualStudioVersion = 10.0.40219.1
Project("{8BC9CEB8-8B4A-11D0-8D11-00A0C91BC942}") = "DMGwGB-Win64", "DMGwGB-Win64.vcxproj", "{63F46220-A446-39E3-8A64-97647B09AC57}"
EndProject
Project("{8BC9CEB8-8B4A-11D0-8D11-00A0C91BC942}") = "DMGwGB", "..\..\DMGwGB\DMGwGB\DMGwGB.vcxproj", "{BF0086DA-E080-4F39-B7CA-C72CAE18BCDA}"
EndProject
Global
	GlobalSection(SolutionConfigurationPlatforms) = preSolution
		Debug|x64 = Debug|x64
		Debug|x86 = Debug|x86
		Release|x64 = Release|x64
		Release|x86 = Release|x86
	EndGlobalSection
	GlobalSection(ProjectConfigurationPlatforms) = postSolution
		{63F46220-A446-39E3-8A64-97647B09AC57}.Debug|x64.ActiveCfg = Debug|x64
		{63F46220-A446-39E3-8A64-97647B09AC57}.Debug|x64.Build.0 = Debug|x64
		{63F46220-A446-39E3-8A64-97647B09AC57}.Debug|x86.ActiveCfg = Debug|x64
		{63F46220-A446-39E3-8A64-97647B09AC57}.Release|x64.ActiveCfg = Release|x64
		{63F46220-A446-39E3-8A64-97647B09AC57}.Release|x64.Build.0 = Release|x64
		{63F46220-A446-39E3-8A64-97647B09AC57}.Release|x86.ActiveCfg = Release|x64
		{BF0086DA-E080-4F39-B7CA-C72CAE18BCDA}.Debug|x64.ActiveCfg = Debug|x64
		{BF0086DA-E080-4F39-B7CA-C72CAE18BCDA}.Debug|x64.Build.0 = Debug|x64
		{BF0086DA-E080-4F39-B7CA-C72CAE18BCDA}.Debug|x86.ActiveCfg = Debug|Win32
		{BF0086DA-E080-4F39-B7CA-C72CAE18BCDA}.Debug|x86.Build.0 = Debug|Win32
		{BF0086DA-E080-4F39-B7CA-C72CAE18BCDA}.Release|x64.ActiveCfg = Release|x64
		{BF0086DA-E080-4F39-B7CA-C72CAE18BCDA}.Release|x64.Build.0 = Release|x64
		{BF0086DA-E080-4F39-B7CA-C72CAE18BCDA}.Release|x86.ActiveCfg = Release|Win32
		{BF0086DA-E080-4F39-B7CA-C72CAE18BCDA}.Release|x86.Build.0 = Release|Win32
	EndGlobalSection
	GlobalSection(SolutionProperties) = preSolution
		HideSolutionNode = FALSE
	EndGlobalSection
	GlobalSection(ExtensibilityGlobals) = postSolution
		SolutionGuid = {C97DB191-2809-4F3D-9C54-508CDD731BB0}
	EndGlobalSection
EndGlobal
