<?xml version="1.0" encoding="utf-8"?>
<Project ToolsVersion="4.0" xmlns="http://schemas.microsoft.com/developer/msbuild/2003">
  <ItemGroup>
    <Filter Include="Source Files">
      <UniqueIdentifier>{4FC737F1-C7A5-4376-A066-2A32D752A2FF}</UniqueIdentifier>
      <Extensions>cpp;c;cc;cxx;def;odl;idl;hpj;bat;asm;asmx</Extensions>
    </Filter>
    <Filter Include="Header Files">
      <UniqueIdentifier>{93995380-89BD-4b04-88EB-625FBE52EBFB}</UniqueIdentifier>
      <Extensions>h;hh;hpp;hxx;hm;inl;inc;xsd</Extensions>
    </Filter>
    <Filter Include="Resource Files">
      <UniqueIdentifier>{67DA6AB6-F800-4c08-8B7A-83BB121AAD01}</UniqueIdentifier>
      <Extensions>rc;ico;cur;bmp;dlg;rc2;rct;bin;rgs;gif;jpg;jpeg;jpe;resx;tiff;tif;png;wav;mfcribbon-ms</Extensions>
    </Filter>
    <Filter Include="Source Files\Forms">
      <UniqueIdentifier>{b6bb602d-7ff3-46e3-babf-c0cbec693884}</UniqueIdentifier>
    </Filter>
    <Filter Include="Header Files\Class">
      <UniqueIdentifier>{9d5ce4a2-adfc-4260-9a71-9768272f30ac}</UniqueIdentifier>
    </Filter>
    <Filter Include="Source Files\Class">
      <UniqueIdentifier>{b4085b11-9dd8-42c0-9bc0-f4709b365d09}</UniqueIdentifier>
    </Filter>
    <Filter Include="Header Files\Drawing">
      <UniqueIdentifier>{b11e1e37-6fb0-44b0-9153-783cb1fbc710}</UniqueIdentifier>
    </Filter>
    <Filter Include="Source Files\Class\Neighborhood">
      <UniqueIdentifier>{6bccf082-e861-4c36-905c-ff072475ec7c}</UniqueIdentifier>
    </Filter>
    <Filter Include="Header Files\Class\Neighborhood">
      <UniqueIdentifier>{5a0c78b6-5759-4436-be21-ca7d6a890c66}</UniqueIdentifier>
    </Filter>
    <Filter Include="Header Files\Class\Simulation">
      <UniqueIdentifier>{c2a1c500-1b78-4f5f-8cc4-9baa646a55e8}</UniqueIdentifier>
    </Filter>
    <Filter Include="Source Files\Class\Simulation">
      <UniqueIdentifier>{45dbebf6-234e-4378-b5c0-ded7ecffd0ee}</UniqueIdentifier>
    </Filter>
    <Filter Include="Header Files\Class\Rule">
      <UniqueIdentifier>{381ec640-45ca-49c3-8124-1fcb757c5bb2}</UniqueIdentifier>
    </Filter>
    <Filter Include="Source Files\Class\Rule">
      <UniqueIdentifier>{590fb301-878b-4c75-b7c5-04b011ffb66b}</UniqueIdentifier>
    </Filter>
    <Filter Include="Header Files\Class\Core">
      <UniqueIdentifier>{4f22d4c4-cc02-46f8-bfb8-32e3a98a7c46}</UniqueIdentifier>
    </Filter>
    <Filter Include="Source Files\Drawing">
      <UniqueIdentifier>{58c111f9-e5a7-4280-a23e-f92e4b33dcf0}</UniqueIdentifier>
    </Filter>
    <Filter Include="Source Files\Class\Core">
      <UniqueIdentifier>{0db87174-11b5-4cbc-b0c4-c2a777bb7f4b}</UniqueIdentifier>
    </Filter>
    <Filter Include="Header Files\Forms">
      <UniqueIdentifier>{0d73c797-5dca-4f1e-894f-9f53b1d7cf05}</UniqueIdentifier>
    </Filter>
  </ItemGroup>
  <ItemGroup>
    <ClCompile Include="Neighborhood.cpp">
      <Filter>Source Files\Class\Neighborhood</Filter>
    </ClCompile>
    <ClCompile Include="MooreNeighborhood.cpp">
      <Filter>Source Files\Class\Neighborhood</Filter>
    </ClCompile>
    <ClCompile Include="VonNeummanNeighborhood.cpp">
      <Filter>Source Files\Class\Neighborhood</Filter>
    </ClCompile>
    <ClCompile Include="PentagonalNeighborhood.cpp">
      <Filter>Source Files\Class\Neighborhood</Filter>
    </ClCompile>
    <ClCompile Include="HexagonalNeighborhood.cpp">
      <Filter>Source Files\Class\Neighborhood</Filter>
    </ClCompile>
    <ClCompile Include="Simulation.cpp">
      <Filter>Source Files\Class\Simulation</Filter>
    </ClCompile>
    <ClCompile Include="GrainGrowthSimulation.cpp">
      <Filter>Source Files\Class\Simulation</Filter>
    </ClCompile>
    <ClCompile Include="Camera.cpp">
      <Filter>Source Files\Drawing</Filter>
    </ClCompile>
    <ClCompile Include="Mouse.cpp">
      <Filter>Source Files\Drawing</Filter>
    </ClCompile>
    <ClCompile Include="GrainBoundarySimulation.cpp">
      <Filter>Source Files\Class\Simulation</Filter>
    </ClCompile>
    <ClCompile Include="CRule.cpp">
      <Filter>Source Files\Class\Rule</Filter>
    </ClCompile>
    <ClCompile Include="CellularAutomata.cpp">
      <Filter>Source Files\Class\Core</Filter>
    </ClCompile>
    <ClCompile Include="Cell.cpp">
      <Filter>Source Files\Class\Core</Filter>
    </ClCompile>
    <ClCompile Include="GrainGrowthRule.cpp">
      <Filter>Source Files\Class\Rule</Filter>
    </ClCompile>
    <ClCompile Include="GrainBoundaryRule.cpp">
      <Filter>Source Files\Class\Rule</Filter>
    </ClCompile>
    <ClCompile Include="NewForm.cpp">
      <Filter>Source Files\Forms</Filter>
    </ClCompile>
    <ClCompile Include="MainForm.cpp">
      <Filter>Source Files\Forms</Filter>
    </ClCompile>
    <ClCompile Include="Calculations.cpp">
      <Filter>Source Files\Class\Core</Filter>
    </ClCompile>
    <ClCompile Include="GrainNucleation.cpp">
      <Filter>Source Files</Filter>
    </ClCompile>
  </ItemGroup>
  <ItemGroup>
    <ClInclude Include="Neighborhood.h">
      <Filter>Header Files\Class\Neighborhood</Filter>
    </ClInclude>
    <ClInclude Include="MooreNeighborhood.h">
      <Filter>Header Files\Class\Neighborhood</Filter>
    </ClInclude>
    <ClInclude Include="VonNeummanNeighborhood.h">
      <Filter>Header Files\Class\Neighborhood</Filter>
    </ClInclude>
    <ClInclude Include="Simulation.h">
      <Filter>Header Files\Class\Simulation</Filter>
    </ClInclude>
    <ClInclude Include="GrainGrowthSimulation.h">
      <Filter>Header Files\Class\Simulation</Filter>
    </ClInclude>
    <ClInclude Include="CRule.h">
      <Filter>Header Files\Class\Rule</Filter>
    </ClInclude>
    <ClInclude Include="Camera.h">
      <Filter>Header Files\Drawing</Filter>
    </ClInclude>
    <ClInclude Include="Mouse.h">
      <Filter>Header Files\Drawing</Filter>
    </ClInclude>
    <ClInclude Include="PentagonalNeighborhood.h">
      <Filter>Header Files\Class\Neighborhood</Filter>
    </ClInclude>
    <ClInclude Include="HexagonalNeighborhood.h">
      <Filter>Header Files\Class\Neighborhood</Filter>
    </ClInclude>
    <ClInclude Include="GrainBoundarySimulation.h">
      <Filter>Header Files\Class\Simulation</Filter>
    </ClInclude>
    <ClInclude Include="CellularAutomata.h">
      <Filter>Header Files\Class\Core</Filter>
    </ClInclude>
    <ClInclude Include="Cell.h">
      <Filter>Header Files\Class\Core</Filter>
    </ClInclude>
    <ClInclude Include="GrainGrowthRule.h">
      <Filter>Header Files\Class\Rule</Filter>
    </ClInclude>
    <ClInclude Include="GrainBoundaryRule.h">
      <Filter>Header Files\Class\Rule</Filter>
    </ClInclude>
    <ClInclude Include="NewForm.h">
      <Filter>Header Files\Forms</Filter>
    </ClInclude>
    <ClInclude Include="MainForm.h">
      <Filter>Header Files</Filter>
    </ClInclude>
    <ClInclude Include="Calculations.h">
      <Filter>Header Files\Class\Core</Filter>
    </ClInclude>
    <ClInclude Include="GrainNucleation.h">
      <Filter>Header Files</Filter>
    </ClInclude>
  </ItemGroup>
  <ItemGroup>
    <None Include="packages.config" />
    <None Include="ColorFragmentShader.fragmentshader">
      <Filter>Resource Files</Filter>
    </None>
    <None Include="TransformVertexShader.vertexshader">
      <Filter>Resource Files</Filter>
    </None>
    <None Include="NoGrainBoundaryFragmentShader.fragmentshader">
      <Filter>Resource Files</Filter>
    </None>
  </ItemGroup>
  <ItemGroup>
    <EmbeddedResource Include="MainForm.resx">
      <Filter>Resource Files</Filter>
    </EmbeddedResource>
    <EmbeddedResource Include="NewForm.resx">
      <Filter>Resource Files</Filter>
    </EmbeddedResource>
  </ItemGroup>
  <ItemGroup>
    <Text Include="NoGrainFragmentShader.fragmentshader">
      <Filter>Resource Files</Filter>
    </Text>
  </ItemGroup>
</Project>